// !$*UTF8*$!
{
	archiveVersion = 1;
	classes = {
	};
	objectVersion = 48;
	objects = {

/* Begin PBXBuildFile section */
		99547A60207EC57A00D19F75 /* AppDelegate.swift in Sources */ = {isa = PBXBuildFile; fileRef = 99547A5F207EC57A00D19F75 /* AppDelegate.swift */; };
		99547A62207EC57A00D19F75 /* ViewController.swift in Sources */ = {isa = PBXBuildFile; fileRef = 99547A61207EC57A00D19F75 /* ViewController.swift */; };
		99547A67207EC57B00D19F75 /* Assets.xcassets in Resources */ = {isa = PBXBuildFile; fileRef = 99547A66207EC57B00D19F75 /* Assets.xcassets */; };
		99547A75207EC57B00D19F75 /* AlgorithmTests.swift in Sources */ = {isa = PBXBuildFile; fileRef = 99547A74207EC57B00D19F75 /* AlgorithmTests.swift */; };
		99547A80207EC57B00D19F75 /* AlgorithmUITests.swift in Sources */ = {isa = PBXBuildFile; fileRef = 99547A7F207EC57B00D19F75 /* AlgorithmUITests.swift */; };
		99547A8E207ED02A00D19F75 /* ViewController2.swift in Sources */ = {isa = PBXBuildFile; fileRef = 99547A8D207ED02A00D19F75 /* ViewController2.swift */; };
		99547A90207ED05100D19F75 /* ViewController3.swift in Sources */ = {isa = PBXBuildFile; fileRef = 99547A8F207ED05100D19F75 /* ViewController3.swift */; };
		99547A92207ED41200D19F75 /* ViewController4.swift in Sources */ = {isa = PBXBuildFile; fileRef = 99547A91207ED41200D19F75 /* ViewController4.swift */; };
		FCECFB36207F488800B520AA /* AlgorithmManange.swift in Sources */ = {isa = PBXBuildFile; fileRef = FCECFB35207F488800B520AA /* AlgorithmManange.swift */; };
/* End PBXBuildFile section */

/* Begin PBXContainerItemProxy section */
		99547A71207EC57B00D19F75 /* PBXContainerItemProxy */ = {
			isa = PBXContainerItemProxy;
			containerPortal = 99547A54207EC57A00D19F75 /* Project object */;
			proxyType = 1;
			remoteGlobalIDString = 99547A5B207EC57A00D19F75;
			remoteInfo = Algorithm;
		};
		99547A7C207EC57B00D19F75 /* PBXContainerItemProxy */ = {
			isa = PBXContainerItemProxy;
			containerPortal = 99547A54207EC57A00D19F75 /* Project object */;
			proxyType = 1;
			remoteGlobalIDString = 99547A5B207EC57A00D19F75;
			remoteInfo = Algorithm;
		};
/* End PBXContainerItemProxy section */

/* Begin PBXFileReference section */
		99547A5C207EC57A00D19F75 /* Algorithm.app */ = {isa = PBXFileReference; explicitFileType = wrapper.application; includeInIndex = 0; path = Algorithm.app; sourceTree = BUILT_PRODUCTS_DIR; };
		99547A5F207EC57A00D19F75 /* AppDelegate.swift */ = {isa = PBXFileReference; lastKnownFileType = sourcecode.swift; path = AppDelegate.swift; sourceTree = "<group>"; };
		99547A61207EC57A00D19F75 /* ViewController.swift */ = {isa = PBXFileReference; lastKnownFileType = sourcecode.swift; path = ViewController.swift; sourceTree = "<group>"; };
		99547A66207EC57B00D19F75 /* Assets.xcassets */ = {isa = PBXFileReference; lastKnownFileType = folder.assetcatalog; path = Assets.xcassets; sourceTree = "<group>"; };
		99547A6B207EC57B00D19F75 /* Info.plist */ = {isa = PBXFileReference; lastKnownFileType = text.plist.xml; path = Info.plist; sourceTree = "<group>"; };
		99547A70207EC57B00D19F75 /* AlgorithmTests.xctest */ = {isa = PBXFileReference; explicitFileType = wrapper.cfbundle; includeInIndex = 0; path = AlgorithmTests.xctest; sourceTree = BUILT_PRODUCTS_DIR; };
		99547A74207EC57B00D19F75 /* AlgorithmTests.swift */ = {isa = PBXFileReference; lastKnownFileType = sourcecode.swift; path = AlgorithmTests.swift; sourceTree = "<group>"; };
		99547A76207EC57B00D19F75 /* Info.plist */ = {isa = PBXFileReference; lastKnownFileType = text.plist.xml; path = Info.plist; sourceTree = "<group>"; };
		99547A7B207EC57B00D19F75 /* AlgorithmUITests.xctest */ = {isa = PBXFileReference; explicitFileType = wrapper.cfbundle; includeInIndex = 0; path = AlgorithmUITests.xctest; sourceTree = BUILT_PRODUCTS_DIR; };
		99547A7F207EC57B00D19F75 /* AlgorithmUITests.swift */ = {isa = PBXFileReference; lastKnownFileType = sourcecode.swift; path = AlgorithmUITests.swift; sourceTree = "<group>"; };
		99547A81207EC57B00D19F75 /* Info.plist */ = {isa = PBXFileReference; lastKnownFileType = text.plist.xml; path = Info.plist; sourceTree = "<group>"; };
		99547A8D207ED02A00D19F75 /* ViewController2.swift */ = {isa = PBXFileReference; lastKnownFileType = sourcecode.swift; path = ViewController2.swift; sourceTree = "<group>"; };
		99547A8F207ED05100D19F75 /* ViewController3.swift */ = {isa = PBXFileReference; lastKnownFileType = sourcecode.swift; path = ViewController3.swift; sourceTree = "<group>"; };
		99547A91207ED41200D19F75 /* ViewController4.swift */ = {isa = PBXFileReference; lastKnownFileType = sourcecode.swift; path = ViewController4.swift; sourceTree = "<group>"; };
		FCECFB35207F488800B520AA /* AlgorithmManange.swift */ = {isa = PBXFileReference; lastKnownFileType = sourcecode.swift; path = AlgorithmManange.swift; sourceTree = "<group>"; };
/* End PBXFileReference section */

/* Begin PBXFrameworksBuildPhase section */
		99547A59207EC57A00D19F75 /* Frameworks */ = {
			isa = PBXFrameworksBuildPhase;
			buildActionMask = 2147483647;
			files = (
			);
			runOnlyForDeploymentPostprocessing = 0;
		};
		99547A6D207EC57B00D19F75 /* Frameworks */ = {
			isa = PBXFrameworksBuildPhase;
			buildActionMask = 2147483647;
			files = (
			);
			runOnlyForDeploymentPostprocessing = 0;
		};
		99547A78207EC57B00D19F75 /* Frameworks */ = {
			isa = PBXFrameworksBuildPhase;
			buildActionMask = 2147483647;
			files = (
			);
			runOnlyForDeploymentPostprocessing = 0;
		};
/* End PBXFrameworksBuildPhase section */

/* Begin PBXGroup section */
		99547A53207EC57A00D19F75 = {
			isa = PBXGroup;
			children = (
				99547A5E207EC57A00D19F75 /* Algorithm */,
				99547A73207EC57B00D19F75 /* AlgorithmTests */,
				99547A7E207EC57B00D19F75 /* AlgorithmUITests */,
				99547A5D207EC57A00D19F75 /* Products */,
			);
			sourceTree = "<group>";
		};
		99547A5D207EC57A00D19F75 /* Products */ = {
			isa = PBXGroup;
			children = (
				99547A5C207EC57A00D19F75 /* Algorithm.app */,
				99547A70207EC57B00D19F75 /* AlgorithmTests.xctest */,
				99547A7B207EC57B00D19F75 /* AlgorithmUITests.xctest */,
			);
			name = Products;
			sourceTree = "<group>";
		};
		99547A5E207EC57A00D19F75 /* Algorithm */ = {
			isa = PBXGroup;
			children = (
				FCECFB35207F488800B520AA /* AlgorithmManange.swift */,
				99547A5F207EC57A00D19F75 /* AppDelegate.swift */,
				99547A61207EC57A00D19F75 /* ViewController.swift */,
				99547A8D207ED02A00D19F75 /* ViewController2.swift */,
				99547A8F207ED05100D19F75 /* ViewController3.swift */,
				99547A91207ED41200D19F75 /* ViewController4.swift */,
				99547A66207EC57B00D19F75 /* Assets.xcassets */,
				99547A6B207EC57B00D19F75 /* Info.plist */,
			);
			path = Algorithm;
			sourceTree = "<group>";
		};
		99547A73207EC57B00D19F75 /* AlgorithmTests */ = {
			isa = PBXGroup;
			children = (
				99547A74207EC57B00D19F75 /* AlgorithmTests.swift */,
				99547A76207EC57B00D19F75 /* Info.plist */,
			);
			path = AlgorithmTests;
			sourceTree = "<group>";
		};
		99547A7E207EC57B00D19F75 /* AlgorithmUITests */ = {
			isa = PBXGroup;
			children = (
				99547A7F207EC57B00D19F75 /* AlgorithmUITests.swift */,
				99547A81207EC57B00D19F75 /* Info.plist */,
			);
			path = AlgorithmUITests;
			sourceTree = "<group>";
		};
/* End PBXGroup section */

/* Begin PBXNativeTarget section */
		99547A5B207EC57A00D19F75 /* Algorithm */ = {
			isa = PBXNativeTarget;
			buildConfigurationList = 99547A84207EC57B00D19F75 /* Build configuration list for PBXNativeTarget "Algorithm" */;
			buildPhases = (
				99547A58207EC57A00D19F75 /* Sources */,
				99547A59207EC57A00D19F75 /* Frameworks */,
				99547A5A207EC57A00D19F75 /* Resources */,
			);
			buildRules = (
			);
			dependencies = (
			);
			name = Algorithm;
			productName = Algorithm;
			productReference = 99547A5C207EC57A00D19F75 /* Algorithm.app */;
			productType = "com.apple.product-type.application";
		};
		99547A6F207EC57B00D19F75 /* AlgorithmTests */ = {
			isa = PBXNativeTarget;
			buildConfigurationList = 99547A87207EC57B00D19F75 /* Build configuration list for PBXNativeTarget "AlgorithmTests" */;
			buildPhases = (
				99547A6C207EC57B00D19F75 /* Sources */,
				99547A6D207EC57B00D19F75 /* Frameworks */,
				99547A6E207EC57B00D19F75 /* Resources */,
			);
			buildRules = (
			);
			dependencies = (
				99547A72207EC57B00D19F75 /* PBXTargetDependency */,
			);
			name = AlgorithmTests;
			productName = AlgorithmTests;
			productReference = 99547A70207EC57B00D19F75 /* AlgorithmTests.xctest */;
			productType = "com.apple.product-type.bundle.unit-test";
		};
		99547A7A207EC57B00D19F75 /* AlgorithmUITests */ = {
			isa = PBXNativeTarget;
			buildConfigurationList = 99547A8A207EC57B00D19F75 /* Build configuration list for PBXNativeTarget "AlgorithmUITests" */;
			buildPhases = (
				99547A77207EC57B00D19F75 /* Sources */,
				99547A78207EC57B00D19F75 /* Frameworks */,
				99547A79207EC57B00D19F75 /* Resources */,
			);
			buildRules = (
			);
			dependencies = (
				99547A7D207EC57B00D19F75 /* PBXTargetDependency */,
			);
			name = AlgorithmUITests;
			productName = AlgorithmUITests;
			productReference = 99547A7B207EC57B00D19F75 /* AlgorithmUITests.xctest */;
			productType = "com.apple.product-type.bundle.ui-testing";
		};
/* End PBXNativeTarget section */

/* Begin PBXProject section */
		99547A54207EC57A00D19F75 /* Project object */ = {
			isa = PBXProject;
			attributes = {
				LastSwiftUpdateCheck = 0900;
				LastUpgradeCheck = 0900;
				ORGANIZATIONNAME = "雷神";
				TargetAttributes = {
					99547A5B207EC57A00D19F75 = {
						CreatedOnToolsVersion = 9.0;
						ProvisioningStyle = Automatic;
					};
					99547A6F207EC57B00D19F75 = {
						CreatedOnToolsVersion = 9.0;
						ProvisioningStyle = Automatic;
						TestTargetID = 99547A5B207EC57A00D19F75;
					};
					99547A7A207EC57B00D19F75 = {
						CreatedOnToolsVersion = 9.0;
						ProvisioningStyle = Automatic;
						TestTargetID = 99547A5B207EC57A00D19F75;
					};
				};
			};
			buildConfigurationList = 99547A57207EC57A00D19F75 /* Build configuration list for PBXProject "Algorithm" */;
			compatibilityVersion = "Xcode 8.0";
			developmentRegion = en;
			hasScannedForEncodings = 0;
			knownRegions = (
				en,
				Base,
			);
			mainGroup = 99547A53207EC57A00D19F75;
			productRefGroup = 99547A5D207EC57A00D19F75 /* Products */;
			projectDirPath = "";
			projectRoot = "";
			targets = (
				99547A5B207EC57A00D19F75 /* Algorithm */,
				99547A6F207EC57B00D19F75 /* AlgorithmTests */,
				99547A7A207EC57B00D19F75 /* AlgorithmUITests */,
			);
		};
/* End PBXProject section */

/* Begin PBXResourcesBuildPhase section */
		99547A5A207EC57A00D19F75 /* Resources */ = {
			isa = PBXResourcesBuildPhase;
			buildActionMask = 2147483647;
			files = (
				99547A67207EC57B00D19F75 /* Assets.xcassets in Resources */,
			);
			runOnlyForDeploymentPostprocessing = 0;
		};
		99547A6E207EC57B00D19F75 /* Resources */ = {
			isa = PBXResourcesBuildPhase;
			buildActionMask = 2147483647;
			files = (
			);
			runOnlyForDeploymentPostprocessing = 0;
		};
		99547A79207EC57B00D19F75 /* Resources */ = {
			isa = PBXResourcesBuildPhase;
			buildActionMask = 2147483647;
			files = (
			);
			runOnlyForDeploymentPostprocessing = 0;
		};
/* End PBXResourcesBuildPhase section */

/* Begin PBXSourcesBuildPhase section */
		99547A58207EC57A00D19F75 /* Sources */ = {
			isa = PBXSourcesBuildPhase;
			buildActionMask = 2147483647;
			files = (
				99547A62207EC57A00D19F75 /* ViewController.swift in Sources */,
				99547A60207EC57A00D19F75 /* AppDelegate.swift in Sources */,
				99547A90207ED05100D19F75 /* ViewController3.swift in Sources */,
				99547A8E207ED02A00D19F75 /* ViewController2.swift in Sources */,
				99547A92207ED41200D19F75 /* ViewController4.swift in Sources */,
				FCECFB36207F488800B520AA /* AlgorithmManange.swift in Sources */,
			);
			runOnlyForDeploymentPostprocessing = 0;
		};
		99547A6C207EC57B00D19F75 /* Sources */ = {
			isa = PBXSourcesBuildPhase;
			buildActionMask = 2147483647;
			files = (
				99547A75207EC57B00D19F75 /* AlgorithmTests.swift in Sources */,
			);
			runOnlyForDeploymentPostprocessing = 0;
		};
		99547A77207EC57B00D19F75 /* Sources */ = {
			isa = PBXSourcesBuildPhase;
			buildActionMask = 2147483647;
			files = (
				99547A80207EC57B00D19F75 /* AlgorithmUITests.swift in Sources */,
			);
			runOnlyForDeploymentPostprocessing = 0;
		};
/* End PBXSourcesBuildPhase section */

/* Begin PBXTargetDependency section */
		99547A72207EC57B00D19F75 /* PBXTargetDependency */ = {
			isa = PBXTargetDependency;
			target = 99547A5B207EC57A00D19F75 /* Algorithm */;
			targetProxy = 99547A71207EC57B00D19F75 /* PBXContainerItemProxy */;
		};
		99547A7D207EC57B00D19F75 /* PBXTargetDependency */ = {
			isa = PBXTargetDependency;
			target = 99547A5B207EC57A00D19F75 /* Algorithm */;
			targetProxy = 99547A7C207EC57B00D19F75 /* PBXContainerItemProxy */;
		};
/* End PBXTargetDependency section */

/* Begin XCBuildConfiguration section */
		99547A82207EC57B00D19F75 /* Debug */ = {
			isa = XCBuildConfiguration;
			buildSettings = {
				ALWAYS_SEARCH_USER_PATHS = NO;
				CLANG_ANALYZER_NONNULL = YES;
				CLANG_ANALYZER_NUMBER_OBJECT_CONVERSION = YES_AGGRESSIVE;
				CLANG_CXX_LANGUAGE_STANDARD = "gnu++14";
				CLANG_CXX_LIBRARY = "libc++";
				CLANG_ENABLE_MODULES = YES;
				CLANG_ENABLE_OBJC_ARC = YES;
				CLANG_WARN_BLOCK_CAPTURE_AUTORELEASING = YES;
				CLANG_WARN_BOOL_CONVERSION = YES;
				CLANG_WARN_COMMA = YES;
				CLANG_WARN_CONSTANT_CONVERSION = YES;
				CLANG_WARN_DIRECT_OBJC_ISA_USAGE = YES_ERROR;
				CLANG_WARN_DOCUMENTATION_COMMENTS = YES;
				CLANG_WARN_EMPTY_BODY = YES;
				CLANG_WARN_ENUM_CONVERSION = YES;
				CLANG_WARN_INFINITE_RECURSION = YES;
				CLANG_WARN_INT_CONVERSION = YES;
				CLANG_WARN_NON_LITERAL_NULL_CONVERSION = YES;
				CLANG_WARN_OBJC_LITERAL_CONVERSION = YES;
				CLANG_WARN_OBJC_ROOT_CLASS = YES_ERROR;
				CLANG_WARN_RANGE_LOOP_ANALYSIS = YES;
				CLANG_WARN_STRICT_PROTOTYPES = YES;
				CLANG_WARN_SUSPICIOUS_MOVE = YES;
				CLANG_WARN_UNGUARDED_AVAILABILITY = YES_AGGRESSIVE;
				CLANG_WARN_UNREACHABLE_CODE = YES;
				CLANG_WARN__DUPLICATE_METHOD_MATCH = YES;
				CODE_SIGN_IDENTITY = "iPhone Developer";
				COPY_PHASE_STRIP = NO;
				DEBUG_INFORMATION_FORMAT = dwarf;
				ENABLE_STRICT_OBJC_MSGSEND = YES;
				ENABLE_TESTABILITY = YES;
				GCC_C_LANGUAGE_STANDARD = gnu11;
				GCC_DYNAMIC_NO_PIC = NO;
				GCC_NO_COMMON_BLOCKS = YES;
				GCC_OPTIMIZATION_LEVEL = 0;
				GCC_PREPROCESSOR_DEFINITIONS = (
					"DEBUG=1",
					"$(inherited)",
				);
				GCC_WARN_64_TO_32_BIT_CONVERSION = YES;
				GCC_WARN_ABOUT_RETURN_TYPE = YES_ERROR;
				GCC_WARN_UNDECLARED_SELECTOR = YES;
				GCC_WARN_UNINITIALIZED_AUTOS = YES_AGGRESSIVE;
				GCC_WARN_UNUSED_FUNCTION = YES;
				GCC_WARN_UNUSED_VARIABLE = YES;
				IPHONEOS_DEPLOYMENT_TARGET = 11.0;
				MTL_ENABLE_DEBUG_INFO = YES;
				ONLY_ACTIVE_ARCH = YES;
				SDKROOT = iphoneos;
				SWIFT_ACTIVE_COMPILATION_CONDITIONS = DEBUG;
				SWIFT_OPTIMIZATION_LEVEL = "-Onone";
			};
			name = Debug;
		};
		99547A83207EC57B00D19F75 /* Release */ = {
			isa = XCBuildConfiguration;
			buildSettings = {
				ALWAYS_SEARCH_USER_PATHS = NO;
				CLANG_ANALYZER_NONNULL = YES;
				CLANG_ANALYZER_NUMBER_OBJECT_CONVERSION = YES_AGGRESSIVE;
				CLANG_CXX_LANGUAGE_STANDARD = "gnu++14";
				CLANG_CXX_LIBRARY = "libc++";
				CLANG_ENABLE_MODULES = YES;
				CLANG_ENABLE_OBJC_ARC = YES;
				CLANG_WARN_BLOCK_CAPTURE_AUTORELEASING = YES;
				CLANG_WARN_BOOL_CONVERSION = YES;
				CLANG_WARN_COMMA = YES;
				CLANG_WARN_CONSTANT_CONVERSION = YES;
				CLANG_WARN_DIRECT_OBJC_ISA_USAGE = YES_ERROR;
				CLANG_WARN_DOCUMENTATION_COMMENTS = YES;
				CLANG_WARN_EMPTY_BODY = YES;
				CLANG_WARN_ENUM_CONVERSION = YES;
				CLANG_WARN_INFINITE_RECURSION = YES;
				CLANG_WARN_INT_CONVERSION = YES;
				CLANG_WARN_NON_LITERAL_NULL_CONVERSION = YES;
				CLANG_WARN_OBJC_LITERAL_CONVERSION = YES;
				CLANG_WARN_OBJC_ROOT_CLASS = YES_ERROR;
				CLANG_WARN_RANGE_LOOP_ANALYSIS = YES;
				CLANG_WARN_STRICT_PROTOTYPES = YES;
				CLANG_WARN_SUSPICIOUS_MOVE = YES;
				CLANG_WARN_UNGUARDED_AVAILABILITY = YES_AGGRESSIVE;
				CLANG_WARN_UNREACHABLE_CODE = YES;
				CLANG_WARN__DUPLICATE_METHOD_MATCH = YES;
				CODE_SIGN_IDENTITY = "iPhone Developer";
				COPY_PHASE_STRIP = NO;
				DEBUG_INFORMATION_FORMAT = "dwarf-with-dsym";
				ENABLE_NS_ASSERTIONS = NO;
				ENABLE_STRICT_OBJC_MSGSEND = YES;
				GCC_C_LANGUAGE_STANDARD = gnu11;
				GCC_NO_COMMON_BLOCKS = YES;
				GCC_WARN_64_TO_32_BIT_CONVERSION = YES;
				GCC_WARN_ABOUT_RETURN_TYPE = YES_ERROR;
				GCC_WARN_UNDECLARED_SELECTOR = YES;
				GCC_WARN_UNINITIALIZED_AUTOS = YES_AGGRESSIVE;
				GCC_WARN_UNUSED_FUNCTION = YES;
				GCC_WARN_UNUSED_VARIABLE = YES;
				IPHONEOS_DEPLOYMENT_TARGET = 11.0;
				MTL_ENABLE_DEBUG_INFO = NO;
				SDKROOT = iphoneos;
				SWIFT_OPTIMIZATION_LEVEL = "-Owholemodule";
				VALIDATE_PRODUCT = YES;
			};
			name = Release;
		};
		99547A85207EC57B00D19F75 /* Debug */ = {
			isa = XCBuildConfiguration;
			buildSettings = {
				ASSETCATALOG_COMPILER_APPICON_NAME = AppIcon;
				CODE_SIGN_STYLE = Automatic;
				DEVELOPMENT_TEAM = 49QL38VYXX;
				INFOPLIST_FILE = Algorithm/Info.plist;
				IPHONEOS_DEPLOYMENT_TARGET = 8.0;
				LD_RUNPATH_SEARCH_PATHS = "$(inherited) @executable_path/Frameworks";
				PRODUCT_BUNDLE_IDENTIFIER = qjh.Algorithm;
				PRODUCT_NAME = "$(TARGET_NAME)";
				SWIFT_VERSION = 4.0;
				TARGETED_DEVICE_FAMILY = "1,2";
			};
			name = Debug;
		};
		99547A86207EC57B00D19F75 /* Release */ = {
			isa = XCBuildConfiguration;
			buildSettings = {
				ASSETCATALOG_COMPILER_APPICON_NAME = AppIcon;
				CODE_SIGN_STYLE = Automatic;
				DEVELOPMENT_TEAM = 49QL38VYXX;
				INFOPLIST_FILE = Algorithm/Info.plist;
				IPHONEOS_DEPLOYMENT_TARGET = 8.0;
				LD_RUNPATH_SEARCH_PATHS = "$(inherited) @executable_path/Frameworks";
				PRODUCT_BUNDLE_IDENTIFIER = qjh.Algorithm;
				PRODUCT_NAME = "$(TARGET_NAME)";
				SWIFT_VERSION = 4.0;
				TARGETED_DEVICE_FAMILY = "1,2";
			};
			name = Release;
		};
		99547A88207EC57B00D19F75 /* Debug */ = {
			isa = XCBuildConfiguration;
			buildSettings = {
				ALWAYS_EMBED_SWIFT_STANDARD_LIBRARIES = YES;
				BUNDLE_LOADER = "$(TEST_HOST)";
				CODE_SIGN_STYLE = Automatic;
				DEVELOPMENT_TEAM = 49QL38VYXX;
				INFOPLIST_FILE = AlgorithmTests/Info.plist;
				LD_RUNPATH_SEARCH_PATHS = "$(inherited) @executable_path/Frameworks @loader_path/Frameworks";
				PRODUCT_BUNDLE_IDENTIFIER = qjh.AlgorithmTests;
				PRODUCT_NAME = "$(TARGET_NAME)";
				SWIFT_VERSION = 4.0;
				TARGETED_DEVICE_FAMILY = "1,2";
				TEST_HOST = "$(BUILT_PRODUCTS_DIR)/Algorithm.app/Algorithm";
			};
			name = Debug;
		};
		99547A89207EC57B00D19F75 /* Release */ = {
			isa = XCBuildConfiguration;
			buildSettings = {
				ALWAYS_EMBED_SWIFT_STANDARD_LIBRARIES = YES;
				BUNDLE_LOADER = "$(TEST_HOST)";
				CODE_SIGN_STYLE = Automatic;
				DEVELOPMENT_TEAM = 49QL38VYXX;
				INFOPLIST_FILE = AlgorithmTests/Info.plist;
				LD_RUNPATH_SEARCH_PATHS = "$(inherited) @executable_path/Frameworks @loader_path/Frameworks";
				PRODUCT_BUNDLE_IDENTIFIER = qjh.AlgorithmTests;
				PRODUCT_NAME = "$(TARGET_NAME)";
				SWIFT_VERSION = 4.0;
				TARGETED_DEVICE_FAMILY = "1,2";
				TEST_HOST = "$(BUILT_PRODUCTS_DIR)/Algorithm.app/Algorithm";
			};
			name = Release;
		};
		99547A8B207EC57B00D19F75 /* Debug */ = {
			isa = XCBuildConfiguration;
			buildSettings = {
				ALWAYS_EMBED_SWIFT_STANDARD_LIBRARIES = YES;
				CODE_SIGN_STYLE = Automatic;
				DEVELOPMENT_TEAM = 49QL38VYXX;
				INFOPLIST_FILE = AlgorithmUITests/Info.plist;
				LD_RUNPATH_SEARCH_PATHS = "$(inherited) @executable_path/Frameworks @loader_path/Frameworks";
				PRODUCT_BUNDLE_IDENTIFIER = qjh.AlgorithmUITests;
				PRODUCT_NAME = "$(TARGET_NAME)";
				SWIFT_VERSION = 4.0;
				TARGETED_DEVICE_FAMILY = "1,2";
				TEST_TARGET_NAME = Algorithm;
			};
			name = Debug;
		};
		99547A8C207EC57B00D19F75 /* Release */ = {
			isa = XCBuildConfiguration;
			buildSettings = {
				ALWAYS_EMBED_SWIFT_STANDARD_LIBRARIES = YES;
				CODE_SIGN_STYLE = Automatic;
				DEVELOPMENT_TEAM = 49QL38VYXX;
				INFOPLIST_FILE = AlgorithmUITests/Info.plist;
				LD_RUNPATH_SEARCH_PATHS = "$(inherited) @executable_path/Frameworks @loader_path/Frameworks";
				PRODUCT_BUNDLE_IDENTIFIER = qjh.AlgorithmUITests;
				PRODUCT_NAME = "$(TARGET_NAME)";
				SWIFT_VERSION = 4.0;
				TARGETED_DEVICE_FAMILY = "1,2";
				TEST_TARGET_NAME = Algorithm;
			};
			name = Release;
		};
/* End XCBuildConfiguration section */

/* Begin XCConfigurationList section */
		99547A57207EC57A00D19F75 /* Build configuration list for PBXProject "Algorithm" */ = {
			isa = XCConfigurationList;
			buildConfigurations = (
				99547A82207EC57B00D19F75 /* Debug */,
				99547A83207EC57B00D19F75 /* Release */,
			);
			defaultConfigurationIsVisible = 0;
			defaultConfigurationName = Release;
		};
		99547A84207EC57B00D19F75 /* Build configuration list for PBXNativeTarget "Algorithm" */ = {
			isa = XCConfigurationList;
			buildConfigurations = (
				99547A85207EC57B00D19F75 /* Debug */,
				99547A86207EC57B00D19F75 /* Release */,
			);
			defaultConfigurationIsVisible = 0;
			defaultConfigurationName = Release;
		};
		99547A87207EC57B00D19F75 /* Build configuration list for PBXNativeTarget "AlgorithmTests" */ = {
			isa = XCConfigurationList;
			buildConfigurations = (
				99547A88207EC57B00D19F75 /* Debug */,
				99547A89207EC57B00D19F75 /* Release */,
			);
			defaultConfigurationIsVisible = 0;
			defaultConfigurationName = Release;
		};
		99547A8A207EC57B00D19F75 /* Build configuration list for PBXNativeTarget "AlgorithmUITests" */ = {
			isa = XCConfigurationList;
			buildConfigurations = (
				99547A8B207EC57B00D19F75 /* Debug */,
				99547A8C207EC57B00D19F75 /* Release */,
			);
			defaultConfigurationIsVisible = 0;
			defaultConfigurationName = Release;
		};
/* End XCConfigurationList section */
	};
	rootObject = 99547A54207EC57A00D19F75 /* Project object */;
}
